// !$*UTF8*$!
{
	archiveVersion = 1;
	classes = {
	};
	objectVersion = 55;
	objects = {

/* Begin PBXBuildFile section */
		0E13FAB127FF0B9100C08753 /* AppDelegate.swift in Sources */ = {isa = PBXBuildFile; fileRef = 0E13FAB027FF0B9100C08753 /* AppDelegate.swift */; };
		0E13FAB327FF0B9100C08753 /* SceneDelegate.swift in Sources */ = {isa = PBXBuildFile; fileRef = 0E13FAB227FF0B9100C08753 /* SceneDelegate.swift */; };
		0E13FAB527FF0B9100C08753 /* HomeViewController.swift in Sources */ = {isa = PBXBuildFile; fileRef = 0E13FAB427FF0B9100C08753 /* HomeViewController.swift */; };
		0E13FAB827FF0B9100C08753 /* HomeViewController.storyboard in Resources */ = {isa = PBXBuildFile; fileRef = 0E13FAB627FF0B9100C08753 /* HomeViewController.storyboard */; };
		0E13FABA27FF0B9400C08753 /* Image.xcassets in Resources */ = {isa = PBXBuildFile; fileRef = 0E13FAB927FF0B9400C08753 /* Image.xcassets */; };
		0E13FABD27FF0B9400C08753 /* LaunchScreen.storyboard in Resources */ = {isa = PBXBuildFile; fileRef = 0E13FABB27FF0B9400C08753 /* LaunchScreen.storyboard */; };
		0E13FAC627FF12FD00C08753 /* TaskTableViewCell.swift in Sources */ = {isa = PBXBuildFile; fileRef = 0E13FAC427FF12FD00C08753 /* TaskTableViewCell.swift */; };
		0E13FAC727FF12FD00C08753 /* TaskTableViewCell.xib in Resources */ = {isa = PBXBuildFile; fileRef = 0E13FAC527FF12FD00C08753 /* TaskTableViewCell.xib */; };
		0E13FAC927FF154200C08753 /* UIColor.swift in Sources */ = {isa = PBXBuildFile; fileRef = 0E13FAC827FF154200C08753 /* UIColor.swift */; };
		0E13FACB27FF158F00C08753 /* TaskTableViewCellViewModel.swift in Sources */ = {isa = PBXBuildFile; fileRef = 0E13FACA27FF158F00C08753 /* TaskTableViewCellViewModel.swift */; };
		0E13FACE27FF17B900C08753 /* HomeViewModel.swift in Sources */ = {isa = PBXBuildFile; fileRef = 0E13FACD27FF17B900C08753 /* HomeViewModel.swift */; };
		0E475852280118210003F3C2 /* Color.xcassets in Resources */ = {isa = PBXBuildFile; fileRef = 0E475851280118210003F3C2 /* Color.xcassets */; };
		0E6608D3280ABC150012E28E /* TaskTableViewSectionViewModel.swift in Sources */ = {isa = PBXBuildFile; fileRef = 0E6608D2280ABC150012E28E /* TaskTableViewSectionViewModel.swift */; };
		0E9A4739282F5B2B00AD5536 /* DataSource.swift in Sources */ = {isa = PBXBuildFile; fileRef = 0E9A4738282F5B2B00AD5536 /* DataSource.swift */; };
		0EBA01A72808594F0007F22A /* Task.swift in Sources */ = {isa = PBXBuildFile; fileRef = 0EBA01A62808594F0007F22A /* Task.swift */; };
		681FCA406DE86B89473DABCD /* Pods_tasks_app_ios.framework in Frameworks */ = {isa = PBXBuildFile; fileRef = 07251E1E3D4C662DE9D9C024 /* Pods_tasks_app_ios.framework */; };
/* End PBXBuildFile section */

/* Begin PBXFileReference section */
		07251E1E3D4C662DE9D9C024 /* Pods_tasks_app_ios.framework */ = {isa = PBXFileReference; explicitFileType = wrapper.framework; includeInIndex = 0; path = Pods_tasks_app_ios.framework; sourceTree = BUILT_PRODUCTS_DIR; };
		0E13FAAD27FF0B9100C08753 /* tasks_app_ios.app */ = {isa = PBXFileReference; explicitFileType = wrapper.application; includeInIndex = 0; path = tasks_app_ios.app; sourceTree = BUILT_PRODUCTS_DIR; };
		0E13FAB027FF0B9100C08753 /* AppDelegate.swift */ = {isa = PBXFileReference; lastKnownFileType = sourcecode.swift; path = AppDelegate.swift; sourceTree = "<group>"; };
		0E13FAB227FF0B9100C08753 /* SceneDelegate.swift */ = {isa = PBXFileReference; lastKnownFileType = sourcecode.swift; path = SceneDelegate.swift; sourceTree = "<group>"; };
		0E13FAB427FF0B9100C08753 /* HomeViewController.swift */ = {isa = PBXFileReference; lastKnownFileType = sourcecode.swift; path = HomeViewController.swift; sourceTree = "<group>"; };
		0E13FAB727FF0B9100C08753 /* Base */ = {isa = PBXFileReference; lastKnownFileType = file.storyboard; name = Base; path = Base.lproj/HomeViewController.storyboard; sourceTree = "<group>"; };
		0E13FAB927FF0B9400C08753 /* Image.xcassets */ = {isa = PBXFileReference; lastKnownFileType = folder.assetcatalog; path = Image.xcassets; sourceTree = "<group>"; };
		0E13FABC27FF0B9400C08753 /* Base */ = {isa = PBXFileReference; lastKnownFileType = file.storyboard; name = Base; path = Base.lproj/LaunchScreen.storyboard; sourceTree = "<group>"; };
		0E13FABE27FF0B9400C08753 /* Info.plist */ = {isa = PBXFileReference; lastKnownFileType = text.plist.xml; path = Info.plist; sourceTree = "<group>"; };
		0E13FAC427FF12FD00C08753 /* TaskTableViewCell.swift */ = {isa = PBXFileReference; lastKnownFileType = sourcecode.swift; path = TaskTableViewCell.swift; sourceTree = "<group>"; };
		0E13FAC527FF12FD00C08753 /* TaskTableViewCell.xib */ = {isa = PBXFileReference; lastKnownFileType = file.xib; path = TaskTableViewCell.xib; sourceTree = "<group>"; };
		0E13FAC827FF154200C08753 /* UIColor.swift */ = {isa = PBXFileReference; lastKnownFileType = sourcecode.swift; path = UIColor.swift; sourceTree = "<group>"; };
		0E13FACA27FF158F00C08753 /* TaskTableViewCellViewModel.swift */ = {isa = PBXFileReference; lastKnownFileType = sourcecode.swift; path = TaskTableViewCellViewModel.swift; sourceTree = "<group>"; };
		0E13FACD27FF17B900C08753 /* HomeViewModel.swift */ = {isa = PBXFileReference; lastKnownFileType = sourcecode.swift; path = HomeViewModel.swift; sourceTree = "<group>"; };
		0E475851280118210003F3C2 /* Color.xcassets */ = {isa = PBXFileReference; lastKnownFileType = folder.assetcatalog; path = Color.xcassets; sourceTree = "<group>"; };
		0E6608D2280ABC150012E28E /* TaskTableViewSectionViewModel.swift */ = {isa = PBXFileReference; lastKnownFileType = sourcecode.swift; path = TaskTableViewSectionViewModel.swift; sourceTree = "<group>"; };
		0E9A4738282F5B2B00AD5536 /* DataSource.swift */ = {isa = PBXFileReference; lastKnownFileType = sourcecode.swift; path = DataSource.swift; sourceTree = "<group>"; };
		0EBA01A62808594F0007F22A /* Task.swift */ = {isa = PBXFileReference; lastKnownFileType = sourcecode.swift; path = Task.swift; sourceTree = "<group>"; };
		E93C22030047A4884D32C5DC /* Pods-tasks_app_ios.debug.xcconfig */ = {isa = PBXFileReference; includeInIndex = 1; lastKnownFileType = text.xcconfig; name = "Pods-tasks_app_ios.debug.xcconfig"; path = "Target Support Files/Pods-tasks_app_ios/Pods-tasks_app_ios.debug.xcconfig"; sourceTree = "<group>"; };
		E9552D06DB291C38488CEF4F /* Pods-tasks_app_ios.release.xcconfig */ = {isa = PBXFileReference; includeInIndex = 1; lastKnownFileType = text.xcconfig; name = "Pods-tasks_app_ios.release.xcconfig"; path = "Target Support Files/Pods-tasks_app_ios/Pods-tasks_app_ios.release.xcconfig"; sourceTree = "<group>"; };
/* End PBXFileReference section */

/* Begin PBXFrameworksBuildPhase section */
		0E13FAAA27FF0B9100C08753 /* Frameworks */ = {
			isa = PBXFrameworksBuildPhase;
			buildActionMask = 2147483647;
			files = (
				681FCA406DE86B89473DABCD /* Pods_tasks_app_ios.framework in Frameworks */,
			);
			runOnlyForDeploymentPostprocessing = 0;
		};
/* End PBXFrameworksBuildPhase section */

/* Begin PBXGroup section */
		0E13FAA427FF0B9100C08753 = {
			isa = PBXGroup;
			children = (
				0E13FAAF27FF0B9100C08753 /* tasks_app_ios */,
				0E13FAAE27FF0B9100C08753 /* Products */,
				1D7C93C918CA12E15B32A7E1 /* Pods */,
				D4C1140D630601198E59CACB /* Frameworks */,
			);
			sourceTree = "<group>";
		};
		0E13FAAE27FF0B9100C08753 /* Products */ = {
			isa = PBXGroup;
			children = (
				0E13FAAD27FF0B9100C08753 /* tasks_app_ios.app */,
			);
			name = Products;
			sourceTree = "<group>";
		};
		0E13FAAF27FF0B9100C08753 /* tasks_app_ios */ = {
			isa = PBXGroup;
			children = (
				0E9A4737282F5B1300AD5536 /* Data */,
				0E13FACF27FF17EF00C08753 /* View */,
				0E13FACC27FF17A500C08753 /* ViewModel */,
				0EBA01A5280859340007F22A /* Model */,
				0E13FAD127FF180700C08753 /* Extension */,
				0E13FAB027FF0B9100C08753 /* AppDelegate.swift */,
				0E13FAB227FF0B9100C08753 /* SceneDelegate.swift */,
				0E13FABB27FF0B9400C08753 /* LaunchScreen.storyboard */,
				0E13FABE27FF0B9400C08753 /* Info.plist */,
				0E13FAB927FF0B9400C08753 /* Image.xcassets */,
				0E475851280118210003F3C2 /* Color.xcassets */,
			);
			path = tasks_app_ios;
			sourceTree = "<group>";
		};
		0E13FACC27FF17A500C08753 /* ViewModel */ = {
			isa = PBXGroup;
			children = (
				0E13FACD27FF17B900C08753 /* HomeViewModel.swift */,
				0E13FACA27FF158F00C08753 /* TaskTableViewCellViewModel.swift */,
				0E6608D2280ABC150012E28E /* TaskTableViewSectionViewModel.swift */,
			);
			path = ViewModel;
			sourceTree = "<group>";
		};
		0E13FACF27FF17EF00C08753 /* View */ = {
			isa = PBXGroup;
			children = (
				0E13FAB627FF0B9100C08753 /* HomeViewController.storyboard */,
				0E13FAB427FF0B9100C08753 /* HomeViewController.swift */,
				0E13FAD027FF17F800C08753 /* Cell */,
			);
			path = View;
			sourceTree = "<group>";
		};
		0E13FAD027FF17F800C08753 /* Cell */ = {
			isa = PBXGroup;
			children = (
				0E13FAC427FF12FD00C08753 /* TaskTableViewCell.swift */,
				0E13FAC527FF12FD00C08753 /* TaskTableViewCell.xib */,
			);
			path = Cell;
			sourceTree = "<group>";
		};
		0E13FAD127FF180700C08753 /* Extension */ = {
			isa = PBXGroup;
			children = (
				0E13FAC827FF154200C08753 /* UIColor.swift */,
			);
			path = Extension;
			sourceTree = "<group>";
		};
		0E9A4737282F5B1300AD5536 /* Data */ = {
			isa = PBXGroup;
			children = (
				0E9A4738282F5B2B00AD5536 /* DataSource.swift */,
			);
			path = Data;
			sourceTree = "<group>";
		};
		0EBA01A5280859340007F22A /* Model */ = {
			isa = PBXGroup;
			children = (
				0EBA01A62808594F0007F22A /* Task.swift */,
			);
			path = Model;
			sourceTree = "<group>";
		};
		1D7C93C918CA12E15B32A7E1 /* Pods */ = {
			isa = PBXGroup;
			children = (
				E93C22030047A4884D32C5DC /* Pods-tasks_app_ios.debug.xcconfig */,
				E9552D06DB291C38488CEF4F /* Pods-tasks_app_ios.release.xcconfig */,
			);
			path = Pods;
			sourceTree = "<group>";
		};
		D4C1140D630601198E59CACB /* Frameworks */ = {
			isa = PBXGroup;
			children = (
				07251E1E3D4C662DE9D9C024 /* Pods_tasks_app_ios.framework */,
			);
			name = Frameworks;
			sourceTree = "<group>";
		};
/* End PBXGroup section */

/* Begin PBXNativeTarget section */
		0E13FAAC27FF0B9100C08753 /* tasks_app_ios */ = {
			isa = PBXNativeTarget;
			buildConfigurationList = 0E13FAC127FF0B9400C08753 /* Build configuration list for PBXNativeTarget "tasks_app_ios" */;
			buildPhases = (
				027B81EDA2CB78D781CF2184 /* [CP] Check Pods Manifest.lock */,
				0E13FAA927FF0B9100C08753 /* Sources */,
				0E13FAAA27FF0B9100C08753 /* Frameworks */,
				0E13FAAB27FF0B9100C08753 /* Resources */,
				8C03214896FA467E199B667F /* [CP] Embed Pods Frameworks */,
			);
			buildRules = (
			);
			dependencies = (
			);
			name = tasks_app_ios;
			productName = tasks_app_ios;
			productReference = 0E13FAAD27FF0B9100C08753 /* tasks_app_ios.app */;
			productType = "com.apple.product-type.application";
		};
/* End PBXNativeTarget section */

/* Begin PBXProject section */
		0E13FAA527FF0B9100C08753 /* Project object */ = {
			isa = PBXProject;
			attributes = {
				BuildIndependentTargetsInParallel = 1;
				LastSwiftUpdateCheck = 1330;
				LastUpgradeCheck = 1330;
				TargetAttributes = {
					0E13FAAC27FF0B9100C08753 = {
						CreatedOnToolsVersion = 13.3;
					};
				};
			};
			buildConfigurationList = 0E13FAA827FF0B9100C08753 /* Build configuration list for PBXProject "tasks_app_ios" */;
			compatibilityVersion = "Xcode 13.0";
			developmentRegion = en;
			hasScannedForEncodings = 0;
			knownRegions = (
				en,
				Base,
			);
			mainGroup = 0E13FAA427FF0B9100C08753;
			productRefGroup = 0E13FAAE27FF0B9100C08753 /* Products */;
			projectDirPath = "";
			projectRoot = "";
			targets = (
				0E13FAAC27FF0B9100C08753 /* tasks_app_ios */,
			);
		};
/* End PBXProject section */

/* Begin PBXResourcesBuildPhase section */
		0E13FAAB27FF0B9100C08753 /* Resources */ = {
			isa = PBXResourcesBuildPhase;
			buildActionMask = 2147483647;
			files = (
				0E13FAC727FF12FD00C08753 /* TaskTableViewCell.xib in Resources */,
				0E13FABD27FF0B9400C08753 /* LaunchScreen.storyboard in Resources */,
				0E475852280118210003F3C2 /* Color.xcassets in Resources */,
				0E13FABA27FF0B9400C08753 /* Image.xcassets in Resources */,
				0E13FAB827FF0B9100C08753 /* HomeViewController.storyboard in Resources */,
			);
			runOnlyForDeploymentPostprocessing = 0;
		};
/* End PBXResourcesBuildPhase section */

/* Begin PBXShellScriptBuildPhase section */
		027B81EDA2CB78D781CF2184 /* [CP] Check Pods Manifest.lock */ = {
			isa = PBXShellScriptBuildPhase;
			buildActionMask = 2147483647;
			files = (
			);
			inputFileListPaths = (
			);
			inputPaths = (
				"${PODS_PODFILE_DIR_PATH}/Podfile.lock",
				"${PODS_ROOT}/Manifest.lock",
			);
			name = "[CP] Check Pods Manifest.lock";
			outputFileListPaths = (
			);
			outputPaths = (
				"$(DERIVED_FILE_DIR)/Pods-tasks_app_ios-checkManifestLockResult.txt",
			);
			runOnlyForDeploymentPostprocessing = 0;
			shellPath = /bin/sh;
			shellScript = "diff \"${PODS_PODFILE_DIR_PATH}/Podfile.lock\" \"${PODS_ROOT}/Manifest.lock\" > /dev/null\nif [ $? != 0 ] ; then\n    # print error to STDERR\n    echo \"error: The sandbox is not in sync with the Podfile.lock. Run 'pod install' or update your CocoaPods installation.\" >&2\n    exit 1\nfi\n# This output is used by Xcode 'outputs' to avoid re-running this script phase.\necho \"SUCCESS\" > \"${SCRIPT_OUTPUT_FILE_0}\"\n";
			showEnvVarsInLog = 0;
		};
		8C03214896FA467E199B667F /* [CP] Embed Pods Frameworks */ = {
			isa = PBXShellScriptBuildPhase;
			buildActionMask = 2147483647;
			files = (
			);
			inputFileListPaths = (
				"${PODS_ROOT}/Target Support Files/Pods-tasks_app_ios/Pods-tasks_app_ios-frameworks-${CONFIGURATION}-input-files.xcfilelist",
			);
			name = "[CP] Embed Pods Frameworks";
			outputFileListPaths = (
				"${PODS_ROOT}/Target Support Files/Pods-tasks_app_ios/Pods-tasks_app_ios-frameworks-${CONFIGURATION}-output-files.xcfilelist",
			);
			runOnlyForDeploymentPostprocessing = 0;
			shellPath = /bin/sh;
			shellScript = "\"${PODS_ROOT}/Target Support Files/Pods-tasks_app_ios/Pods-tasks_app_ios-frameworks.sh\"\n";
			showEnvVarsInLog = 0;
		};
/* End PBXShellScriptBuildPhase section */

/* Begin PBXSourcesBuildPhase section */
		0E13FAA927FF0B9100C08753 /* Sources */ = {
			isa = PBXSourcesBuildPhase;
			buildActionMask = 2147483647;
			files = (
				0EBA01A72808594F0007F22A /* Task.swift in Sources */,
				0E9A4739282F5B2B00AD5536 /* DataSource.swift in Sources */,
				0E13FACE27FF17B900C08753 /* HomeViewModel.swift in Sources */,
				0E13FAC627FF12FD00C08753 /* TaskTableViewCell.swift in Sources */,
				0E13FAB527FF0B9100C08753 /* HomeViewController.swift in Sources */,
				0E6608D3280ABC150012E28E /* TaskTableViewSectionViewModel.swift in Sources */,
				0E13FACB27FF158F00C08753 /* TaskTableViewCellViewModel.swift in Sources */,
				0E13FAB127FF0B9100C08753 /* AppDelegate.swift in Sources */,
				0E13FAB327FF0B9100C08753 /* SceneDelegate.swift in Sources */,
				0E13FAC927FF154200C08753 /* UIColor.swift in Sources */,
			);
			runOnlyForDeploymentPostprocessing = 0;
		};
/* End PBXSourcesBuildPhase section */

/* Begin PBXVariantGroup section */
		0E13FAB627FF0B9100C08753 /* HomeViewController.storyboard */ = {
			isa = PBXVariantGroup;
			children = (
				0E13FAB727FF0B9100C08753 /* Base */,
			);
			name = HomeViewController.storyboard;
			sourceTree = "<group>";
		};
		0E13FABB27FF0B9400C08753 /* LaunchScreen.storyboard */ = {
			isa = PBXVariantGroup;
			children = (
				0E13FABC27FF0B9400C08753 /* Base */,
			);
			name = LaunchScreen.storyboard;
			sourceTree = "<group>";
		};
/* End PBXVariantGroup section */

/* Begin XCBuildConfiguration section */
		0E13FABF27FF0B9400C08753 /* Debug */ = {
			isa = XCBuildConfiguration;
			buildSettings = {
				ALWAYS_SEARCH_USER_PATHS = NO;
				CLANG_ANALYZER_NONNULL = YES;
				CLANG_ANALYZER_NUMBER_OBJECT_CONVERSION = YES_AGGRESSIVE;
				CLANG_CXX_LANGUAGE_STANDARD = "gnu++17";
				CLANG_ENABLE_MODULES = YES;
				CLANG_ENABLE_OBJC_ARC = YES;
				CLANG_ENABLE_OBJC_WEAK = YES;
				CLANG_WARN_BLOCK_CAPTURE_AUTORELEASING = YES;
				CLANG_WARN_BOOL_CONVERSION = YES;
				CLANG_WARN_COMMA = YES;
				CLANG_WARN_CONSTANT_CONVERSION = YES;
				CLANG_WARN_DEPRECATED_OBJC_IMPLEMENTATIONS = YES;
				CLANG_WARN_DIRECT_OBJC_ISA_USAGE = YES_ERROR;
				CLANG_WARN_DOCUMENTATION_COMMENTS = YES;
				CLANG_WARN_EMPTY_BODY = YES;
				CLANG_WARN_ENUM_CONVERSION = YES;
				CLANG_WARN_INFINITE_RECURSION = YES;
				CLANG_WARN_INT_CONVERSION = YES;
				CLANG_WARN_NON_LITERAL_NULL_CONVERSION = YES;
				CLANG_WARN_OBJC_IMPLICIT_RETAIN_SELF = YES;
				CLANG_WARN_OBJC_LITERAL_CONVERSION = YES;
				CLANG_WARN_OBJC_ROOT_CLASS = YES_ERROR;
				CLANG_WARN_QUOTED_INCLUDE_IN_FRAMEWORK_HEADER = YES;
				CLANG_WARN_RANGE_LOOP_ANALYSIS = YES;
				CLANG_WARN_STRICT_PROTOTYPES = YES;
				CLANG_WARN_SUSPICIOUS_MOVE = YES;
				CLANG_WARN_UNGUARDED_AVAILABILITY = YES_AGGRESSIVE;
				CLANG_WARN_UNREACHABLE_CODE = YES;
				CLANG_WARN__DUPLICATE_METHOD_MATCH = YES;
				COPY_PHASE_STRIP = NO;
				DEBUG_INFORMATION_FORMAT = dwarf;
				ENABLE_STRICT_OBJC_MSGSEND = YES;
				ENABLE_TESTABILITY = YES;
				GCC_C_LANGUAGE_STANDARD = gnu11;
				GCC_DYNAMIC_NO_PIC = NO;
				GCC_NO_COMMON_BLOCKS = YES;
				GCC_OPTIMIZATION_LEVEL = 0;
				GCC_PREPROCESSOR_DEFINITIONS = (
					"DEBUG=1",
					"$(inherited)",
				);
				GCC_WARN_64_TO_32_BIT_CONVERSION = YES;
				GCC_WARN_ABOUT_RETURN_TYPE = YES_ERROR;
				GCC_WARN_UNDECLARED_SELECTOR = YES;
				GCC_WARN_UNINITIALIZED_AUTOS = YES_AGGRESSIVE;
				GCC_WARN_UNUSED_FUNCTION = YES;
				GCC_WARN_UNUSED_VARIABLE = YES;
				IPHONEOS_DEPLOYMENT_TARGET = 15.4;
				MTL_ENABLE_DEBUG_INFO = INCLUDE_SOURCE;
				MTL_FAST_MATH = YES;
				ONLY_ACTIVE_ARCH = YES;
				SDKROOT = iphoneos;
				SWIFT_ACTIVE_COMPILATION_CONDITIONS = DEBUG;
				SWIFT_OPTIMIZATION_LEVEL = "-Onone";
			};
			name = Debug;
		};
		0E13FAC027FF0B9400C08753 /* Release */ = {
			isa = XCBuildConfiguration;
			buildSettings = {
				ALWAYS_SEARCH_USER_PATHS = NO;
				CLANG_ANALYZER_NONNULL = YES;
				CLANG_ANALYZER_NUMBER_OBJECT_CONVERSION = YES_AGGRESSIVE;
				CLANG_CXX_LANGUAGE_STANDARD = "gnu++17";
				CLANG_ENABLE_MODULES = YES;
				CLANG_ENABLE_OBJC_ARC = YES;
				CLANG_ENABLE_OBJC_WEAK = YES;
				CLANG_WARN_BLOCK_CAPTURE_AUTORELEASING = YES;
				CLANG_WARN_BOOL_CONVERSION = YES;
				CLANG_WARN_COMMA = YES;
				CLANG_WARN_CONSTANT_CONVERSION = YES;
				CLANG_WARN_DEPRECATED_OBJC_IMPLEMENTATIONS = YES;
				CLANG_WARN_DIRECT_OBJC_ISA_USAGE = YES_ERROR;
				CLANG_WARN_DOCUMENTATION_COMMENTS = YES;
				CLANG_WARN_EMPTY_BODY = YES;
				CLANG_WARN_ENUM_CONVERSION = YES;
				CLANG_WARN_INFINITE_RECURSION = YES;
				CLANG_WARN_INT_CONVERSION = YES;
				CLANG_WARN_NON_LITERAL_NULL_CONVERSION = YES;
				CLANG_WARN_OBJC_IMPLICIT_RETAIN_SELF = YES;
				CLANG_WARN_OBJC_LITERAL_CONVERSION = YES;
				CLANG_WARN_OBJC_ROOT_CLASS = YES_ERROR;
				CLANG_WARN_QUOTED_INCLUDE_IN_FRAMEWORK_HEADER = YES;
				CLANG_WARN_RANGE_LOOP_ANALYSIS = YES;
				CLANG_WARN_STRICT_PROTOTYPES = YES;
				CLANG_WARN_SUSPICIOUS_MOVE = YES;
				CLANG_WARN_UNGUARDED_AVAILABILITY = YES_AGGRESSIVE;
				CLANG_WARN_UNREACHABLE_CODE = YES;
				CLANG_WARN__DUPLICATE_METHOD_MATCH = YES;
				COPY_PHASE_STRIP = NO;
				DEBUG_INFORMATION_FORMAT = "dwarf-with-dsym";
				ENABLE_NS_ASSERTIONS = NO;
				ENABLE_STRICT_OBJC_MSGSEND = YES;
				GCC_C_LANGUAGE_STANDARD = gnu11;
				GCC_NO_COMMON_BLOCKS = YES;
				GCC_WARN_64_TO_32_BIT_CONVERSION = YES;
				GCC_WARN_ABOUT_RETURN_TYPE = YES_ERROR;
				GCC_WARN_UNDECLARED_SELECTOR = YES;
				GCC_WARN_UNINITIALIZED_AUTOS = YES_AGGRESSIVE;
				GCC_WARN_UNUSED_FUNCTION = YES;
				GCC_WARN_UNUSED_VARIABLE = YES;
				IPHONEOS_DEPLOYMENT_TARGET = 15.4;
				MTL_ENABLE_DEBUG_INFO = NO;
				MTL_FAST_MATH = YES;
				SDKROOT = iphoneos;
				SWIFT_COMPILATION_MODE = wholemodule;
				SWIFT_OPTIMIZATION_LEVEL = "-O";
				VALIDATE_PRODUCT = YES;
			};
			name = Release;
		};
		0E13FAC227FF0B9400C08753 /* Debug */ = {
			isa = XCBuildConfiguration;
			baseConfigurationReference = E93C22030047A4884D32C5DC /* Pods-tasks_app_ios.debug.xcconfig */;
			buildSettings = {
				ASSETCATALOG_COMPILER_APPICON_NAME = AppIcon;
				ASSETCATALOG_COMPILER_GLOBAL_ACCENT_COLOR_NAME = AccentColor;
				CODE_SIGN_STYLE = Automatic;
				CURRENT_PROJECT_VERSION = 1;
				DEVELOPMENT_TEAM = MSDQFFFB37;
				GENERATE_INFOPLIST_FILE = YES;
				INFOPLIST_FILE = tasks_app_ios/Info.plist;
				INFOPLIST_KEY_CFBundleDisplayName = Tasks;
				INFOPLIST_KEY_UIApplicationSupportsIndirectInputEvents = YES;
				INFOPLIST_KEY_UILaunchStoryboardName = LaunchScreen;
				INFOPLIST_KEY_UISupportedInterfaceOrientations_iPad = "UIInterfaceOrientationPortrait UIInterfaceOrientationPortraitUpsideDown UIInterfaceOrientationLandscapeLeft UIInterfaceOrientationLandscapeRight";
				INFOPLIST_KEY_UISupportedInterfaceOrientations_iPhone = "UIInterfaceOrientationPortrait UIInterfaceOrientationLandscapeLeft UIInterfaceOrientationLandscapeRight";
				LD_RUNPATH_SEARCH_PATHS = (
					"$(inherited)",
					"@executable_path/Frameworks",
				);
				MARKETING_VERSION = 1.0;
				PRODUCT_BUNDLE_IDENTIFIER = "com.tatsunori.morita.tasks-app-ios";
				PRODUCT_NAME = "$(TARGET_NAME)";
				SWIFT_EMIT_LOC_STRINGS = YES;
				SWIFT_VERSION = 5.0;
				TARGETED_DEVICE_FAMILY = 1;
			};
			name = Debug;
		};
		0E13FAC327FF0B9400C08753 /* Release */ = {
			isa = XCBuildConfiguration;
			baseConfigurationReference = E9552D06DB291C38488CEF4F /* Pods-tasks_app_ios.release.xcconfig */;
			buildSettings = {
				ASSETCATALOG_COMPILER_APPICON_NAME = AppIcon;
				ASSETCATALOG_COMPILER_GLOBAL_ACCENT_COLOR_NAME = AccentColor;
				CODE_SIGN_STYLE = Automatic;
				CURRENT_PROJECT_VERSION = 1;
				DEVELOPMENT_TEAM = MSDQFFFB37;
				GENERATE_INFOPLIST_FILE = YES;
				INFOPLIST_FILE = tasks_app_ios/Info.plist;
				INFOPLIST_KEY_CFBundleDisplayName = Tasks;
				INFOPLIST_KEY_UIApplicationSupportsIndirectInputEvents = YES;
				INFOPLIST_KEY_UILaunchStoryboardName = LaunchScreen;
				INFOPLIST_KEY_UISupportedInterfaceOrientations_iPad = "UIInterfaceOrientationPortrait UIInterfaceOrientationPortraitUpsideDown UIInterfaceOrientationLandscapeLeft UIInterfaceOrientationLandscapeRight";
				INFOPLIST_KEY_UISupportedInterfaceOrientations_iPhone = "UIInterfaceOrientationPortrait UIInterfaceOrientationLandscapeLeft UIInterfaceOrientationLandscapeRight";
				LD_RUNPATH_SEARCH_PATHS = (
					"$(inherited)",
					"@executable_path/Frameworks",
				);
				MARKETING_VERSION = 1.0;
				PRODUCT_BUNDLE_IDENTIFIER = "com.tatsunori.morita.tasks-app-ios";
				PRODUCT_NAME = "$(TARGET_NAME)";
				SWIFT_EMIT_LOC_STRINGS = YES;
				SWIFT_VERSION = 5.0;
				TARGETED_DEVICE_FAMILY = 1;
			};
			name = Release;
		};
/* End XCBuildConfiguration section */

/* Begin XCConfigurationList section */
		0E13FAA827FF0B9100C08753 /* Build configuration list for PBXProject "tasks_app_ios" */ = {
			isa = XCConfigurationList;
			buildConfigurations = (
				0E13FABF27FF0B9400C08753 /* Debug */,
				0E13FAC027FF0B9400C08753 /* Release */,
			);
			defaultConfigurationIsVisible = 0;
			defaultConfigurationName = Release;
		};
		0E13FAC127FF0B9400C08753 /* Build configuration list for PBXNativeTarget "tasks_app_ios" */ = {
			isa = XCConfigurationList;
			buildConfigurations = (
				0E13FAC227FF0B9400C08753 /* Debug */,
				0E13FAC327FF0B9400C08753 /* Release */,
			);
			defaultConfigurationIsVisible = 0;
			defaultConfigurationName = Release;
		};
/* End XCConfigurationList section */
	};
	rootObject = 0E13FAA527FF0B9100C08753 /* Project object */;
}
